PODS:
  - Alamofire (4.0.0)
  - AwesomeButton (0.2.0)
  - Cosmos (6.0.1)
  - DLRadioButton (1.4.9)
  - GoogleMaps/Base (2.0.1)
  - GooglePlaces (2.0.1):
    - GoogleMaps/Base (= 2.0.1)
  - GooglePlacesSearchController (0.1.6)
  - MBProgressHUD (1.0.0)
  - SDWebImage (3.8.2):
    - SDWebImage/Core (= 3.8.2)
  - SDWebImage/Core (3.8.2)
  - Segmentio (1.0)
  - SlideMenuControllerSwift (3.0.0)
  - STRatingControl (0.1.1)
  - SwiftyJSON (3.1.3)

DEPENDENCIES:
  - Alamofire (~> 4.0)
  - AwesomeButton
  - Cosmos
  - DLRadioButton (~> 1.4)
  - GooglePlaces
  - GooglePlacesSearchController
  - MBProgressHUD (~> 1.0.0)
  - SDWebImage
  - Segmentio
  - SlideMenuControllerSwift
  - STRatingControl
  - SwiftyJSON (from `https://github.com/SwiftyJSON/SwiftyJSON.git`)

EXTERNAL SOURCES:
  SwiftyJSON:
    :git: https://github.com/SwiftyJSON/SwiftyJSON.git

CHECKOUT OPTIONS:
  SwiftyJSON:
    :commit: a124861a83545e51dc1609c53328b4b0d4f7647a
    :git: https://github.com/SwiftyJSON/SwiftyJSON.git

SPEC CHECKSUMS:
  Alamofire: fef59f00388f267e52d9b432aa5d93dc97190f14
  AwesomeButton: 59eef1ff4875b4887e68f803c5dc664c27b63fa5
  Cosmos: 374de9804e382a23662908688ab15c8f473977fe
  DLRadioButton: 7bb8a6e3768b572469ace553391ab4d2af6f9c19
  GoogleMaps: f09da64fc987c1aa29394567c3cab5a3df83c402
  GooglePlaces: 72fab1d1651c6df0322f2aad245ffb15b80d3c56
  GooglePlacesSearchController: a74fa0545896fee45426b8a9c62939785e6b0634
  MBProgressHUD: 4890f671c94e8a0f3cf959aa731e9de2f036d71a
  SDWebImage: 098e97e6176540799c27e804c96653ee0833d13c
  Segmentio: fd5598b3b13a6aa4e0356c4d12e1ed3e373fde1b
  SlideMenuControllerSwift: 9c0a84f9a3fba51681debd7be77617094562ebcc
  STRatingControl: 2170e44ad8efac32f68a6ab9562f09ff9180cc76
  SwiftyJSON: b37a26c0a27587f13e8f223e0280e69c3be5d1d4

PODFILE CHECKSUM: b1e5938f78be42bd39fb5ffd323f8462dfab0220

COCOAPODS: 1.2.0.beta.1
